
Microsoft Visual Studio Solution File, Format Version 12.00
# Visual Studio 15
VisualStudioVersion = 15.0.26510.0
MinimumVisualStudioVersion = 10.0.40219.1
Project("{9A19103F-16F7-4668-BE54-9A1E7A4F7556}") = "AbuseFunction", "AbuseFunction\AbuseFunction.csproj", "{7F91AAAB-A8D9-404F-97AC-5B5D831892F3}"
EndProject
Project("{9A19103F-16F7-4668-BE54-9A1E7A4F7556}") = "LoadTestyTester", "..\LoadTestyTester\LoadTestyTester\LoadTestyTester.csproj", "{339F937C-E81F-4A03-A94B-AF20D406DD2A}"
EndProject
Project("{D954291E-2A0B-460D-934E-DC6B0785DB48}") = "Shared", "Shared\Shared.shproj", "{FD6D5186-F460-4C9E-9BFA-2F4004528775}"
EndProject
Global
	GlobalSection(SharedMSBuildProjectFiles) = preSolution
		Shared\Shared.projitems*{fd6d5186-f460-4c9e-9bfa-2f4004528775}*SharedItemsImports = 13
	EndGlobalSection
	GlobalSection(SolutionConfigurationPlatforms) = preSolution
		Debug|Any CPU = Debug|Any CPU
		Release|Any CPU = Release|Any CPU
	EndGlobalSection
	GlobalSection(ProjectConfigurationPlatforms) = postSolution
		{7F91AAAB-A8D9-404F-97AC-5B5D831892F3}.Debug|Any CPU.ActiveCfg = Debug|Any CPU
		{7F91AAAB-A8D9-404F-97AC-5B5D831892F3}.Debug|Any CPU.Build.0 = Debug|Any CPU
		{7F91AAAB-A8D9-404F-97AC-5B5D831892F3}.Release|Any CPU.ActiveCfg = Release|Any CPU
		{7F91AAAB-A8D9-404F-97AC-5B5D831892F3}.Release|Any CPU.Build.0 = Release|Any CPU
		{339F937C-E81F-4A03-A94B-AF20D406DD2A}.Debug|Any CPU.ActiveCfg = Debug|Any CPU
		{339F937C-E81F-4A03-A94B-AF20D406DD2A}.Debug|Any CPU.Build.0 = Debug|Any CPU
		{339F937C-E81F-4A03-A94B-AF20D406DD2A}.Release|Any CPU.ActiveCfg = Release|Any CPU
		{339F937C-E81F-4A03-A94B-AF20D406DD2A}.Release|Any CPU.Build.0 = Release|Any CPU
	EndGlobalSection
	GlobalSection(SolutionProperties) = preSolution
		HideSolutionNode = FALSE
	EndGlobalSection
EndGlobal
